
Microsoft Visual Studio Solution File, Format Version 10.00
# Visual C++ Express 2008
Project("{8BC9CEB8-8B4A-11D0-8D11-00A0C91BC942}") = "09_01", "09_01\09_01.vcproj", "{5D0BE0DA-AC96-4DDC-95A2-88284E60D2A9}"
EndProject
Project("{8BC9CEB8-8B4A-11D0-8D11-00A0C91BC942}") = "09_02", "09_02\09_02.vcproj", "{ABD22F89-65CA-435D-9F88-3A2D04DB9F1F}"
EndProject
Project("{8BC9CEB8-8B4A-11D0-8D11-00A0C91BC942}") = "09_03", "09_03\09_03.vcproj", "{00F2F49B-910B-4A09-83D1-6C3EA750BF47}"
EndProject
Project("{8BC9CEB8-8B4A-11D0-8D11-00A0C91BC942}") = "09_04", "09_04\09_04.vcproj", "{ABFF3F5D-0505-4751-BB89-554465C5B84B}"
EndProject
Project("{8BC9CEB8-8B4A-11D0-8D11-00A0C91BC942}") = "09_05", "09_05\09_05.vcproj", "{9F4958AB-4ECD-446C-A49C-649422C5457A}"
EndProject
Project("{8BC9CEB8-8B4A-11D0-8D11-00A0C91BC942}") = "09_06", "09_06\09_06.vcproj", "{FF5FDF06-185A-465C-93C2-54AD7A80B702}"
EndProject
Project("{8BC9CEB8-8B4A-11D0-8D11-00A0C91BC942}") = "09_07", "09_07\09_07.vcproj", "{7B2C0B66-F5D9-407E-BAB4-596458D515D1}"
EndProject
Project("{8BC9CEB8-8B4A-11D0-8D11-00A0C91BC942}") = "09_08", "09_08\09_08.vcproj", "{69416B4B-B441-4B59-8EA3-4B9442DF0D3D}"
EndProject
Global
	GlobalSection(SolutionConfigurationPlatforms) = preSolution
		Debug|Win32 = Debug|Win32
		Release|Win32 = Release|Win32
	EndGlobalSection
	GlobalSection(ProjectConfigurationPlatforms) = postSolution
		{5D0BE0DA-AC96-4DDC-95A2-88284E60D2A9}.Debug|Win32.ActiveCfg = Debug|Win32
		{5D0BE0DA-AC96-4DDC-95A2-88284E60D2A9}.Debug|Win32.Build.0 = Debug|Win32
		{5D0BE0DA-AC96-4DDC-95A2-88284E60D2A9}.Release|Win32.ActiveCfg = Release|Win32
		{5D0BE0DA-AC96-4DDC-95A2-88284E60D2A9}.Release|Win32.Build.0 = Release|Win32
		{ABD22F89-65CA-435D-9F88-3A2D04DB9F1F}.Debug|Win32.ActiveCfg = Debug|Win32
		{ABD22F89-65CA-435D-9F88-3A2D04DB9F1F}.Debug|Win32.Build.0 = Debug|Win32
		{ABD22F89-65CA-435D-9F88-3A2D04DB9F1F}.Release|Win32.ActiveCfg = Release|Win32
		{ABD22F89-65CA-435D-9F88-3A2D04DB9F1F}.Release|Win32.Build.0 = Release|Win32
		{00F2F49B-910B-4A09-83D1-6C3EA750BF47}.Debug|Win32.ActiveCfg = Debug|Win32
		{00F2F49B-910B-4A09-83D1-6C3EA750BF47}.Debug|Win32.Build.0 = Debug|Win32
		{00F2F49B-910B-4A09-83D1-6C3EA750BF47}.Release|Win32.ActiveCfg = Release|Win32
		{00F2F49B-910B-4A09-83D1-6C3EA750BF47}.Release|Win32.Build.0 = Release|Win32
		{ABFF3F5D-0505-4751-BB89-554465C5B84B}.Debug|Win32.ActiveCfg = Debug|Win32
		{ABFF3F5D-0505-4751-BB89-554465C5B84B}.Debug|Win32.Build.0 = Debug|Win32
		{ABFF3F5D-0505-4751-BB89-554465C5B84B}.Release|Win32.ActiveCfg = Release|Win32
		{ABFF3F5D-0505-4751-BB89-554465C5B84B}.Release|Win32.Build.0 = Release|Win32
		{9F4958AB-4ECD-446C-A49C-649422C5457A}.Debug|Win32.ActiveCfg = Debug|Win32
		{9F4958AB-4ECD-446C-A49C-649422C5457A}.Debug|Win32.Build.0 = Debug|Win32
		{9F4958AB-4ECD-446C-A49C-649422C5457A}.Release|Win32.ActiveCfg = Release|Win32
		{9F4958AB-4ECD-446C-A49C-649422C5457A}.Release|Win32.Build.0 = Release|Win32
		{FF5FDF06-185A-465C-93C2-54AD7A80B702}.Debug|Win32.ActiveCfg = Debug|Win32
		{FF5FDF06-185A-465C-93C2-54AD7A80B702}.Debug|Win32.Build.0 = Debug|Win32
		{FF5FDF06-185A-465C-93C2-54AD7A80B702}.Release|Win32.ActiveCfg = Release|Win32
		{FF5FDF06-185A-465C-93C2-54AD7A80B702}.Release|Win32.Build.0 = Release|Win32
		{7B2C0B66-F5D9-407E-BAB4-596458D515D1}.Debug|Win32.ActiveCfg = Debug|Win32
		{7B2C0B66-F5D9-407E-BAB4-596458D515D1}.Debug|Win32.Build.0 = Debug|Win32
		{7B2C0B66-F5D9-407E-BAB4-596458D515D1}.Release|Win32.ActiveCfg = Release|Win32
		{7B2C0B66-F5D9-407E-BAB4-596458D515D1}.Release|Win32.Build.0 = Release|Win32
		{69416B4B-B441-4B59-8EA3-4B9442DF0D3D}.Debug|Win32.ActiveCfg = Debug|Win32
		{69416B4B-B441-4B59-8EA3-4B9442DF0D3D}.Debug|Win32.Build.0 = Debug|Win32
		{69416B4B-B441-4B59-8EA3-4B9442DF0D3D}.Release|Win32.ActiveCfg = Release|Win32
		{69416B4B-B441-4B59-8EA3-4B9442DF0D3D}.Release|Win32.Build.0 = Release|Win32
	EndGlobalSection
	GlobalSection(SolutionProperties) = preSolution
		HideSolutionNode = FALSE
	EndGlobalSection
EndGlobal
